{
  "name": "Ps1-and-Bat-files",
  "lockfileVersion": 3,
  "requires": true,
  "packages": {
    "": {
      "dependencies": {
        "discord": "^0.8.2",
        "web": "^0.0.2"
      }
    },
    "node_modules/@isaacs/balanced-match": {
      "version": "4.0.1",
      "resolved": "https://registry.npmjs.org/@isaacs/balanced-match/-/balanced-match-4.0.1.tgz",
      "integrity": "sha512-yzMTt9lEb8Gv7zRioUilSglI0c0smZ9k5D65677DLWLtWJaXIS3CqcGyUFByYKlnUj6TkjLVs54fBl6+TiGQDQ==",
      "engines": {
        "node": "20 || >=22"
      }
    },
    "node_modules/@isaacs/brace-expansion": {
      "version": "5.0.0",
      "resolved": "https://registry.npmjs.org/@isaacs/brace-expansion/-/brace-expansion-5.0.0.tgz",
      "integrity": "sha512-ZT55BDLV0yv0RBm2czMiZ+SqCGO7AvmOM3G/w2xhVPH+te0aKgFjmBvGlL1dH+ql2tgGO3MVrbb3jCKyvpgnxA==",
      "dependencies": {
        "@isaacs/balanced-match": "^4.0.1"
      },
      "engines": {
        "node": "20 || >=22"
      }
    },
    "node_modules/describe": {
      "version": "1.2.0",
      "resolved": "https://registry.npmjs.org/describe/-/describe-1.2.0.tgz",
      "integrity": "sha512-GcSTMsJD6d39QuE1Zor671dlY5pDY9IIVLHAidXLrTx6BmMQOyCKEX1btTI781+zA3GQYRcUITi+YoUjFB06UA==",
      "dependencies": {
        "string-color": ">= 0.8.0"
      }
    },
    "node_modules/discord": {
      "version": "0.8.2",
      "resolved": "https://registry.npmjs.org/discord/-/discord-0.8.2.tgz",
      "integrity": "sha512-n8uOSuwvh+JLS3nrU/Jjom7TYX3jpAueTQ4NSQLf+SMsBZAjdzll4+zwYxxHxH7hvngmT12P0zP08dfHGh1xmQ==",
      "dependencies": {
        "describe": ">=0.8.0",
        "glob": ">3.0.1",
        "mootools": ">=1.4.4",
        "string-color": ">=0.8.0"
      },
      "engines": {
        "node": "*"
      }
    },
    "node_modules/glob": {
      "version": "13.0.0",
      "resolved": "https://registry.npmjs.org/glob/-/glob-13.0.0.tgz",
      "integrity": "sha512-tvZgpqk6fz4BaNZ66ZsRaZnbHvP/jG3uKJvAZOwEVUL4RTA5nJeeLYfyN9/VA8NX/V3IBG+hkeuGpKjvELkVhA==",
      "dependencies": {
        "minimatch": "^10.1.1",
        "minipass": "^7.1.2",
        "path-scurry": "^2.0.0"
      },
      "engines": {
        "node": "20 || >=22"
      },
      "funding": {
        "url": "https://github.com/sponsors/isaacs"
      }
    },
    "node_modules/lru-cache": {
      "version": "11.2.5",
      "resolved": "https://registry.npmjs.org/lru-cache/-/lru-cache-11.2.5.tgz",
      "integrity": "sha512-vFrFJkWtJvJnD5hg+hJvVE8Lh/TcMzKnTgCWmtBipwI5yLX/iX+5UB2tfuyODF5E7k9xEzMdYgGqaSb1c0c5Yw==",
      "engines": {
        "node": "20 || >=22"
      }
    },
    "node_modules/minimatch": {
      "version": "10.1.1",
      "resolved": "https://registry.npmjs.org/minimatch/-/minimatch-10.1.1.tgz",
      "integrity": "sha512-enIvLvRAFZYXJzkCYG5RKmPfrFArdLv+R+lbQ53BmIMLIry74bjKzX6iHAm8WYamJkhSSEabrWN5D97XnKObjQ==",
      "dependencies": {
        "@isaacs/brace-expansion": "^5.0.0"
      },
      "engines": {
        "node": "20 || >=22"
      },
      "funding": {
        "url": "https://github.com/sponsors/isaacs"
      }
    },
    "node_modules/minipass": {
      "version": "7.1.2",
      "resolved": "https://registry.npmjs.org/minipass/-/minipass-7.1.2.tgz",
      "integrity": "sha512-qOOzS1cBTWYF4BH8fVePDBOO9iptMnGUEZwNc/cMWnTV2nVLZ7VoNWEPHkYczZA0pdoA7dl6e7FL659nX9S2aw==",
      "engines": {
        "node": ">=16 || 14 >=14.17"
      }
    },
    "node_modules/mootools": {
      "version": "1.5.2",
      "resolved": "https://registry.npmjs.org/mootools/-/mootools-1.5.2.tgz",
      "integrity": "sha512-S1cOCsakr8GJ3P1j66pXGgQfLtcRpFLcBkRcq0xXQ15T6IYtFWIQhqqqH8RR7eAa7/vFmKz90IIrzTnfrCHPFw==",
      "engines": {
        "node": ">=0.4.0"
      }
    },
    "node_modules/path-scurry": {
      "version": "2.0.1",
      "resolved": "https://registry.npmjs.org/path-scurry/-/path-scurry-2.0.1.tgz",
      "integrity": "sha512-oWyT4gICAu+kaA7QWk/jvCHWarMKNs6pXOGWKDTr7cw4IGcUbW+PeTfbaQiLGheFRpjo6O9J0PmyMfQPjH71oA==",
      "dependencies": {
        "lru-cache": "^11.0.0",
        "minipass": "^7.1.2"
      },
      "engines": {
        "node": "20 || >=22"
      },
      "funding": {
        "url": "https://github.com/sponsors/isaacs"
      }
    },
    "node_modules/string-color": {
      "version": "0.8.0",
      "resolved": "https://registry.npmjs.org/string-color/-/string-color-0.8.0.tgz",
      "integrity": "sha512-h1LLin9OfvTdEqmt1F+iUOnRuVloVy2kcaJ1LdJa1+DZxXrtKTfsq643HEG8i3uGOgrsiyaxAfiDudZN+FHcvg==",
      "engines": {
        "node": "*"
      }
    },
    "node_modules/web": {
      "version": "0.0.2",
      "resolved": "https://registry.npmjs.org/web/-/web-0.0.2.tgz",
      "integrity": "sha512-DDf86rBor7Hn4uRgXbCxcOKyP8aiokvkd648k/xjKUO4hQSLvupfDC3dHCBXQ4lJFxYW62/CEWpSINbSQRr57A=="
    }
  }
}
